<?xml version="1.0" encoding="utf-8"?>
<Project ToolsVersion="4.0" xmlns:atg="http://atg.xbox.com" xmlns="http://schemas.microsoft.com/developer/msbuild/2003">
  <ItemGroup>
    <Filter Include="Resource Files">
      <UniqueIdentifier>{8e114980-c1a3-4ada-ad7c-83caadf5daeb}</UniqueIdentifier>
      <Extensions>rc;ico;cur;bmp;dlg;rc2;rct;bin;rgs;gif;jpg;jpeg;jpe</Extensions>
    </Filter>
    <Filter Include="Shaders">
      <UniqueIdentifier>{2c3d4c8c-5d1a-459a-a05a-a4e4b608a44e}</UniqueIdentifier>
      <Extensions>fx;fxh;hlsl</Extensions>
    </Filter>
    <Filter Include="glm">
      <UniqueIdentifier>{b392f26b-0285-4da9-bae8-567eef89d2c3}</UniqueIdentifier>
    </Filter>
    <Filter Include="stb_image">
      <UniqueIdentifier>{e63f720c-c2d0-40ab-aadf-918c995e473a}</UniqueIdentifier>
    </Filter>
    <Filter Include="dxtk">
      <UniqueIdentifier>{651ad9f5-031f-4fec-a1c8-a0ae1f06c39d}</UniqueIdentifier>
    </Filter>
    <Filter Include="DXUT">
      <UniqueIdentifier>{452b3e5f-ea4a-41f5-bed1-fab7cdd5d50d}</UniqueIdentifier>
    </Filter>
  </ItemGroup>
  <ItemGroup>
    <ClCompile Include="D3D11Renderer.cpp" />
    <ClCompile Include="RTRenderer.cpp" />
    <ClCompile Include="Main.cpp" />
    <ClCompile Include="dxtk\Src\pch.cpp">
      <Filter>dxtk</Filter>
    </ClCompile>
    <ClCompile Include="dxtk\Src\WICTextureLoader.cpp">
      <Filter>dxtk</Filter>
    </ClCompile>
    <ClCompile Include="DXUT\Core\DDSTextureLoader.cpp">
      <Filter>DXUT</Filter>
    </ClCompile>
    <ClCompile Include="DXUT\Core\dxerr.cpp">
      <Filter>DXUT</Filter>
    </ClCompile>
    <ClCompile Include="DXUT\Core\DXUT.cpp">
      <Filter>DXUT</Filter>
    </ClCompile>
    <ClCompile Include="DXUT\Core\DXUTDevice11.cpp">
      <Filter>DXUT</Filter>
    </ClCompile>
    <ClCompile Include="DXUT\Core\DXUTmisc.cpp">
      <Filter>DXUT</Filter>
    </ClCompile>
    <ClCompile Include="DXUT\Core\ScreenGrab.cpp">
      <Filter>DXUT</Filter>
    </ClCompile>
    <ClCompile Include="DXUT\Core\WICTextureLoader.cpp">
      <Filter>DXUT</Filter>
    </ClCompile>
    <ClCompile Include="DXUT\Optional\DXUTcamera.cpp">
      <Filter>DXUT</Filter>
    </ClCompile>
    <ClCompile Include="DXUT\Optional\DXUTgui.cpp">
      <Filter>DXUT</Filter>
    </ClCompile>
    <ClCompile Include="DXUT\Optional\DXUTguiIME.cpp">
      <Filter>DXUT</Filter>
    </ClCompile>
    <ClCompile Include="DXUT\Optional\DXUTres.cpp">
      <Filter>DXUT</Filter>
    </ClCompile>
    <ClCompile Include="DXUT\Optional\DXUTsettingsdlg.cpp">
      <Filter>DXUT</Filter>
    </ClCompile>
    <ClCompile Include="DXUT\Optional\ImeUi.cpp">
      <Filter>DXUT</Filter>
    </ClCompile>
    <ClCompile Include="DXUT\Optional\SDKmesh.cpp">
      <Filter>DXUT</Filter>
    </ClCompile>
    <ClCompile Include="DXUT\Optional\SDKmisc.cpp">
      <Filter>DXUT</Filter>
    </ClCompile>
  </ItemGroup>
  <ItemGroup>
    <CLInclude Include="resource.h">
      <Filter>Resource Files</Filter>
    </CLInclude>
    <ClInclude Include="Renderer.h" />
    <ClInclude Include="D3D11Renderer.h" />
    <ClInclude Include="RendererException.h" />
    <ClInclude Include="RTRenderer.h" />
    <ClInclude Include="glm\common.hpp" />
    <ClInclude Include="glm\exponential.hpp">
      <Filter>glm</Filter>
    </ClInclude>
    <ClInclude Include="glm\ext.hpp">
      <Filter>glm</Filter>
    </ClInclude>
    <ClInclude Include="glm\fwd.hpp">
      <Filter>glm</Filter>
    </ClInclude>
    <ClInclude Include="glm\geometric.hpp">
      <Filter>glm</Filter>
    </ClInclude>
    <ClInclude Include="glm\glm.hpp">
      <Filter>glm</Filter>
    </ClInclude>
    <ClInclude Include="glm\integer.hpp">
      <Filter>glm</Filter>
    </ClInclude>
    <ClInclude Include="glm\packing.hpp">
      <Filter>glm</Filter>
    </ClInclude>
    <ClInclude Include="glm\mat2x2.hpp">
      <Filter>glm</Filter>
    </ClInclude>
    <ClInclude Include="glm\mat2x3.hpp">
      <Filter>glm</Filter>
    </ClInclude>
    <ClInclude Include="glm\mat2x4.hpp">
      <Filter>glm</Filter>
    </ClInclude>
    <ClInclude Include="glm\mat3x2.hpp">
      <Filter>glm</Filter>
    </ClInclude>
    <ClInclude Include="glm\mat3x3.hpp">
      <Filter>glm</Filter>
    </ClInclude>
    <ClInclude Include="glm\mat3x4.hpp">
      <Filter>glm</Filter>
    </ClInclude>
    <ClInclude Include="glm\mat4x2.hpp">
      <Filter>glm</Filter>
    </ClInclude>
    <ClInclude Include="glm\mat4x3.hpp">
      <Filter>glm</Filter>
    </ClInclude>
    <ClInclude Include="glm\mat4x4.hpp">
      <Filter>glm</Filter>
    </ClInclude>
    <ClInclude Include="glm\matrix.hpp">
      <Filter>glm</Filter>
    </ClInclude>
    <ClInclude Include="glm\trigonometric.hpp">
      <Filter>glm</Filter>
    </ClInclude>
    <ClInclude Include="glm\vec2.hpp">
      <Filter>glm</Filter>
    </ClInclude>
    <ClInclude Include="glm\vec3.hpp">
      <Filter>glm</Filter>
    </ClInclude>
    <ClInclude Include="glm\vec4.hpp">
      <Filter>glm</Filter>
    </ClInclude>
    <ClInclude Include="glm\vector_relational.hpp">
      <Filter>glm</Filter>
    </ClInclude>
    <ClInclude Include="dxtk\Inc\DirectXHelpers.h">
      <Filter>dxtk</Filter>
    </ClInclude>
    <ClInclude Include="dxtk\Inc\WICTextureLoader.h">
      <Filter>dxtk</Filter>
    </ClInclude>
    <ClInclude Include="dxtk\Src\pch.h">
      <Filter>dxtk</Filter>
    </ClInclude>
    <ClInclude Include="dxtk\Src\PlatformHelpers.h">
      <Filter>dxtk</Filter>
    </ClInclude>
    <ClInclude Include="stb_image\stb_image.h">
      <Filter>stb_image</Filter>
    </ClInclude>
    <ClInclude Include="D3D11Util.h" />
    <ClInclude Include="D3D11Canvas.h" />
    <ClInclude Include="DXUT\Core\DDSTextureLoader.h">
      <Filter>DXUT</Filter>
    </ClInclude>
    <ClInclude Include="DXUT\Core\dxerr.h">
      <Filter>DXUT</Filter>
    </ClInclude>
    <ClInclude Include="DXUT\Core\DXUT.h">
      <Filter>DXUT</Filter>
    </ClInclude>
    <ClInclude Include="DXUT\Core\DXUTDevice11.h">
      <Filter>DXUT</Filter>
    </ClInclude>
    <ClInclude Include="DXUT\Core\DXUTmisc.h">
      <Filter>DXUT</Filter>
    </ClInclude>
    <ClInclude Include="DXUT\Core\ScreenGrab.h">
      <Filter>DXUT</Filter>
    </ClInclude>
    <ClInclude Include="DXUT\Core\WICTextureLoader.h">
      <Filter>DXUT</Filter>
    </ClInclude>
    <ClInclude Include="DXUT\Optional\DXUTcamera.h">
      <Filter>DXUT</Filter>
    </ClInclude>
    <ClInclude Include="DXUT\Optional\DXUTgui.h">
      <Filter>DXUT</Filter>
    </ClInclude>
    <ClInclude Include="DXUT\Optional\DXUTguiIME.h">
      <Filter>DXUT</Filter>
    </ClInclude>
    <ClInclude Include="DXUT\Optional\DXUTLockFreePipe.h">
      <Filter>DXUT</Filter>
    </ClInclude>
    <ClInclude Include="DXUT\Optional\DXUTres.h">
      <Filter>DXUT</Filter>
    </ClInclude>
    <ClInclude Include="DXUT\Optional\DXUTsettingsdlg.h">
      <Filter>DXUT</Filter>
    </ClInclude>
    <ClInclude Include="DXUT\Optional\ImeUi.h">
      <Filter>DXUT</Filter>
    </ClInclude>
    <ClInclude Include="DXUT\Optional\SDKmesh.h">
      <Filter>DXUT</Filter>
    </ClInclude>
    <ClInclude Include="DXUT\Optional\SDKmisc.h">
      <Filter>DXUT</Filter>
    </ClInclude>
  </ItemGroup>
  <ItemGroup>
    <FxCompile Include="Geometry_PS.hlsl">
      <Filter>Shaders</Filter>
    </FxCompile>
    <FxCompile Include="Geometry_VS.hlsl">
      <Filter>Shaders</Filter>
    </FxCompile>
    <FxCompile Include="GeometryRender.fx">
      <Filter>Shaders</Filter>
    </FxCompile>
  </ItemGroup>
  <ItemGroup>
    <ResourceCompile Include="ScreenSpaceReflection.rc">
      <Filter>Resource Files</Filter>
    </ResourceCompile>
  </ItemGroup>
  <ItemGroup>
    <Image Include="crate.dds">
      <Filter>Resource Files</Filter>
    </Image>
  </ItemGroup>
  <ItemGroup>
    <Text Include="glm\CMakeLists.txt" />
  </ItemGroup>
  <ItemGroup>
    <None Include="DXUT\Optional\DXUTOpt_2012.vcxproj">
      <Filter>DXUT</Filter>
    </None>
    <None Include="DXUT\Optional\DXUTOpt_2012.vcxproj.filters">
      <Filter>DXUT</Filter>
    </None>
  </ItemGroup>
</Project>